{
  "name": "yenai-plugin",
  "version": "1.0.0",
  "lockfileVersion": 2,
  "requires": true,
  "packages": {
    "": {
      "name": "yenai-plugin",
      "version": "1.0.0",
      "license": "ISC",
      "dependencies": {
        "systeminformation": "^5.16.5"
      }
    },
    "node_modules/systeminformation": {
      "version": "5.16.9",
      "resolved": "https://registry.npmmirror.com/systeminformation/-/systeminformation-5.16.9.tgz",
      "integrity": "sha512-QTlv3GGSromPeLVW3pzM6uxU8RbkacW9e0+ZX23GAXaX+XE0UToSygAxCJDHSty6RB9lAFHCHg+FfiXFChi/+w==",
      "os": [
        "darwin",
        "linux",
        "win32",
        "freebsd",
        "openbsd",
        "netbsd",
        "sunos",
        "android"
      ],
      "bin": {
        "systeminformation": "lib/cli.js"
      },
      "engines": {
        "node": ">=8.0.0"
      }
    }
  },
  "dependencies": {
    "systeminformation": {
      "version": "5.16.9",
      "resolved": "https://registry.npmmirror.com/systeminformation/-/systeminformation-5.16.9.tgz",
      "integrity": "sha512-QTlv3GGSromPeLVW3pzM6uxU8RbkacW9e0+ZX23GAXaX+XE0UToSygAxCJDHSty6RB9lAFHCHg+FfiXFChi/+w=="
    }
  }
}
